{
	"name": "liferay-frontend-theme-unstyled",
	"version": "3.0.16",
	"lockfileVersion": 1,
	"requires": true,
	"dependencies": {
		"clay-css": {
			"version": "file:../../../../lib/npm/clay-css-2.3.100.tgz",
			"integrity": "sha512-81yK6VIOjjNw+YPW6n8bK05R3iw0X61d+2NdPrDlmilsdBj0m9lBXhLgqdv9neiellIUI1u97v41BKStKskzDA=="
		}
	}
}
