{
    "name": "liferay-frontend-theme-unstyled",
    "version": "3.0.17",
    "lockfileVersion": 1,
    "requires": true,
    "dependencies": {
        "clay-css": {
            "version": "file:../../../../lib/npm/clay-css-2.4.100.tgz",
            "integrity": "sha512-vL3ly4LvR7NPmTnn9a8PSRiuYFs7Gzt4GeShsO2+ovxguxFToeuzyq1ZS5NAZJs7UpLqmoI6qwLlgpiOdNaBVg=="
        }
    }
}
